// !$*UTF8*$!
{
	archiveVersion = 1;
	classes = {
	};
	objectVersion = 46;
	objects = {

/* Begin PBXBuildFile section */
		3AFB2D8C1858B2FB00E2537F /* Foundation.framework in Frameworks */ = {isa = PBXBuildFile; fileRef = 3AFB2D8B1858B2FB00E2537F /* Foundation.framework */; };
		3AFB2D8E1858B2FB00E2537F /* CoreGraphics.framework in Frameworks */ = {isa = PBXBuildFile; fileRef = 3AFB2D8D1858B2FB00E2537F /* CoreGraphics.framework */; };
		3AFB2D901858B2FB00E2537F /* UIKit.framework in Frameworks */ = {isa = PBXBuildFile; fileRef = 3AFB2D8F1858B2FB00E2537F /* UIKit.framework */; };
		3AFB2D961858B2FB00E2537F /* InfoPlist.strings in Resources */ = {isa = PBXBuildFile; fileRef = 3AFB2D941858B2FB00E2537F /* InfoPlist.strings */; };
		3AFB2D981858B2FB00E2537F /* main.m in Sources */ = {isa = PBXBuildFile; fileRef = 3AFB2D971858B2FB00E2537F /* main.m */; };
		3AFB2D9C1858B2FB00E2537F /* AppDelegate.m in Sources */ = {isa = PBXBuildFile; fileRef = 3AFB2D9B1858B2FB00E2537F /* AppDelegate.m */; };
		3AFB2D9F1858B2FB00E2537F /* Main_iPhone.storyboard in Resources */ = {isa = PBXBuildFile; fileRef = 3AFB2D9D1858B2FB00E2537F /* Main_iPhone.storyboard */; };
		3AFB2DA21858B2FB00E2537F /* Main_iPad.storyboard in Resources */ = {isa = PBXBuildFile; fileRef = 3AFB2DA01858B2FB00E2537F /* Main_iPad.storyboard */; };
		3AFB2DA51858B2FB00E2537F /* ViewController.m in Sources */ = {isa = PBXBuildFile; fileRef = 3AFB2DA41858B2FB00E2537F /* ViewController.m */; };
		3AFB2DA71858B2FB00E2537F /* Images.xcassets in Resources */ = {isa = PBXBuildFile; fileRef = 3AFB2DA61858B2FB00E2537F /* Images.xcassets */; };
		3AFB2DAE1858B2FB00E2537F /* XCTest.framework in Frameworks */ = {isa = PBXBuildFile; fileRef = 3AFB2DAD1858B2FB00E2537F /* XCTest.framework */; };
		3AFB2DAF1858B2FB00E2537F /* Foundation.framework in Frameworks */ = {isa = PBXBuildFile; fileRef = 3AFB2D8B1858B2FB00E2537F /* Foundation.framework */; };
		3AFB2DB01858B2FB00E2537F /* UIKit.framework in Frameworks */ = {isa = PBXBuildFile; fileRef = 3AFB2D8F1858B2FB00E2537F /* UIKit.framework */; };
		3AFB2DB81858B2FB00E2537F /* InfoPlist.strings in Resources */ = {isa = PBXBuildFile; fileRef = 3AFB2DB61858B2FB00E2537F /* InfoPlist.strings */; };
		3AFB2DBA1858B2FB00E2537F /* SuccessMirrorTests.m in Sources */ = {isa = PBXBuildFile; fileRef = 3AFB2DB91858B2FB00E2537F /* SuccessMirrorTests.m */; };
/* End PBXBuildFile section */

/* Begin PBXContainerItemProxy section */
		3AFB2DB11858B2FB00E2537F /* PBXContainerItemProxy */ = {
			isa = PBXContainerItemProxy;
			containerPortal = 3AFB2D801858B2FB00E2537F /* Project object */;
			proxyType = 1;
			remoteGlobalIDString = 3AFB2D871858B2FB00E2537F;
			remoteInfo = SuccessMirror;
		};
/* End PBXContainerItemProxy section */

/* Begin PBXFileReference section */
		3AFB2D881858B2FB00E2537F /* SuccessMirror.app */ = {isa = PBXFileReference; explicitFileType = wrapper.application; includeInIndex = 0; path = SuccessMirror.app; sourceTree = BUILT_PRODUCTS_DIR; };
		3AFB2D8B1858B2FB00E2537F /* Foundation.framework */ = {isa = PBXFileReference; lastKnownFileType = wrapper.framework; name = Foundation.framework; path = System/Library/Frameworks/Foundation.framework; sourceTree = SDKROOT; };
		3AFB2D8D1858B2FB00E2537F /* CoreGraphics.framework */ = {isa = PBXFileReference; lastKnownFileType = wrapper.framework; name = CoreGraphics.framework; path = System/Library/Frameworks/CoreGraphics.framework; sourceTree = SDKROOT; };
		3AFB2D8F1858B2FB00E2537F /* UIKit.framework */ = {isa = PBXFileReference; lastKnownFileType = wrapper.framework; name = UIKit.framework; path = System/Library/Frameworks/UIKit.framework; sourceTree = SDKROOT; };
		3AFB2D931858B2FB00E2537F /* SuccessMirror-Info.plist */ = {isa = PBXFileReference; lastKnownFileType = text.plist.xml; path = "SuccessMirror-Info.plist"; sourceTree = "<group>"; };
		3AFB2D951858B2FB00E2537F /* en */ = {isa = PBXFileReference; lastKnownFileType = text.plist.strings; name = en; path = en.lproj/InfoPlist.strings; sourceTree = "<group>"; };
		3AFB2D971858B2FB00E2537F /* main.m */ = {isa = PBXFileReference; lastKnownFileType = sourcecode.c.objc; path = main.m; sourceTree = "<group>"; };
		3AFB2D991858B2FB00E2537F /* SuccessMirror-Prefix.pch */ = {isa = PBXFileReference; lastKnownFileType = sourcecode.c.h; path = "SuccessMirror-Prefix.pch"; sourceTree = "<group>"; };
		3AFB2D9A1858B2FB00E2537F /* AppDelegate.h */ = {isa = PBXFileReference; lastKnownFileType = sourcecode.c.h; path = AppDelegate.h; sourceTree = "<group>"; };
		3AFB2D9B1858B2FB00E2537F /* AppDelegate.m */ = {isa = PBXFileReference; lastKnownFileType = sourcecode.c.objc; path = AppDelegate.m; sourceTree = "<group>"; };
		3AFB2D9E1858B2FB00E2537F /* Base */ = {isa = PBXFileReference; lastKnownFileType = file.storyboard; name = Base; path = Base.lproj/Main_iPhone.storyboard; sourceTree = "<group>"; };
		3AFB2DA11858B2FB00E2537F /* Base */ = {isa = PBXFileReference; lastKnownFileType = file.storyboard; name = Base; path = Base.lproj/Main_iPad.storyboard; sourceTree = "<group>"; };
		3AFB2DA31858B2FB00E2537F /* ViewController.h */ = {isa = PBXFileReference; lastKnownFileType = sourcecode.c.h; path = ViewController.h; sourceTree = "<group>"; };
		3AFB2DA41858B2FB00E2537F /* ViewController.m */ = {isa = PBXFileReference; lastKnownFileType = sourcecode.c.objc; path = ViewController.m; sourceTree = "<group>"; };
		3AFB2DA61858B2FB00E2537F /* Images.xcassets */ = {isa = PBXFileReference; lastKnownFileType = folder.assetcatalog; path = Images.xcassets; sourceTree = "<group>"; };
		3AFB2DAC1858B2FB00E2537F /* SuccessMirrorTests.xctest */ = {isa = PBXFileReference; explicitFileType = wrapper.cfbundle; includeInIndex = 0; path = SuccessMirrorTests.xctest; sourceTree = BUILT_PRODUCTS_DIR; };
		3AFB2DAD1858B2FB00E2537F /* XCTest.framework */ = {isa = PBXFileReference; lastKnownFileType = wrapper.framework; name = XCTest.framework; path = Library/Frameworks/XCTest.framework; sourceTree = DEVELOPER_DIR; };
		3AFB2DB51858B2FB00E2537F /* SuccessMirrorTests-Info.plist */ = {isa = PBXFileReference; lastKnownFileType = text.plist.xml; path = "SuccessMirrorTests-Info.plist"; sourceTree = "<group>"; };
		3AFB2DB71858B2FB00E2537F /* en */ = {isa = PBXFileReference; lastKnownFileType = text.plist.strings; name = en; path = en.lproj/InfoPlist.strings; sourceTree = "<group>"; };
		3AFB2DB91858B2FB00E2537F /* SuccessMirrorTests.m */ = {isa = PBXFileReference; lastKnownFileType = sourcecode.c.objc; path = SuccessMirrorTests.m; sourceTree = "<group>"; };
/* End PBXFileReference section */

/* Begin PBXFrameworksBuildPhase section */
		3AFB2D851858B2FB00E2537F /* Frameworks */ = {
			isa = PBXFrameworksBuildPhase;
			buildActionMask = 2147483647;
			files = (
				3AFB2D8E1858B2FB00E2537F /* CoreGraphics.framework in Frameworks */,
				3AFB2D901858B2FB00E2537F /* UIKit.framework in Frameworks */,
				3AFB2D8C1858B2FB00E2537F /* Foundation.framework in Frameworks */,
			);
			runOnlyForDeploymentPostprocessing = 0;
		};
		3AFB2DA91858B2FB00E2537F /* Frameworks */ = {
			isa = PBXFrameworksBuildPhase;
			buildActionMask = 2147483647;
			files = (
				3AFB2DAE1858B2FB00E2537F /* XCTest.framework in Frameworks */,
				3AFB2DB01858B2FB00E2537F /* UIKit.framework in Frameworks */,
				3AFB2DAF1858B2FB00E2537F /* Foundation.framework in Frameworks */,
			);
			runOnlyForDeploymentPostprocessing = 0;
		};
/* End PBXFrameworksBuildPhase section */

/* Begin PBXGroup section */
		3AFB2D7F1858B2FB00E2537F = {
			isa = PBXGroup;
			children = (
				3AFB2D911858B2FB00E2537F /* SuccessMirror */,
				3AFB2DB31858B2FB00E2537F /* SuccessMirrorTests */,
				3AFB2D8A1858B2FB00E2537F /* Frameworks */,
				3AFB2D891858B2FB00E2537F /* Products */,
			);
			sourceTree = "<group>";
		};
		3AFB2D891858B2FB00E2537F /* Products */ = {
			isa = PBXGroup;
			children = (
				3AFB2D881858B2FB00E2537F /* SuccessMirror.app */,
				3AFB2DAC1858B2FB00E2537F /* SuccessMirrorTests.xctest */,
			);
			name = Products;
			sourceTree = "<group>";
		};
		3AFB2D8A1858B2FB00E2537F /* Frameworks */ = {
			isa = PBXGroup;
			children = (
				3AFB2D8B1858B2FB00E2537F /* Foundation.framework */,
				3AFB2D8D1858B2FB00E2537F /* CoreGraphics.framework */,
				3AFB2D8F1858B2FB00E2537F /* UIKit.framework */,
				3AFB2DAD1858B2FB00E2537F /* XCTest.framework */,
			);
			name = Frameworks;
			sourceTree = "<group>";
		};
		3AFB2D911858B2FB00E2537F /* SuccessMirror */ = {
			isa = PBXGroup;
			children = (
				3AFB2D9A1858B2FB00E2537F /* AppDelegate.h */,
				3AFB2D9B1858B2FB00E2537F /* AppDelegate.m */,
				3AFB2D9D1858B2FB00E2537F /* Main_iPhone.storyboard */,
				3AFB2DA01858B2FB00E2537F /* Main_iPad.storyboard */,
				3AFB2DA31858B2FB00E2537F /* ViewController.h */,
				3AFB2DA41858B2FB00E2537F /* ViewController.m */,
				3AFB2DA61858B2FB00E2537F /* Images.xcassets */,
				3AFB2D921858B2FB00E2537F /* Supporting Files */,
			);
			path = SuccessMirror;
			sourceTree = "<group>";
		};
		3AFB2D921858B2FB00E2537F /* Supporting Files */ = {
			isa = PBXGroup;
			children = (
				3AFB2D931858B2FB00E2537F /* SuccessMirror-Info.plist */,
				3AFB2D941858B2FB00E2537F /* InfoPlist.strings */,
				3AFB2D971858B2FB00E2537F /* main.m */,
				3AFB2D991858B2FB00E2537F /* SuccessMirror-Prefix.pch */,
			);
			name = "Supporting Files";
			sourceTree = "<group>";
		};
		3AFB2DB31858B2FB00E2537F /* SuccessMirrorTests */ = {
			isa = PBXGroup;
			children = (
				3AFB2DB91858B2FB00E2537F /* SuccessMirrorTests.m */,
				3AFB2DB41858B2FB00E2537F /* Supporting Files */,
			);
			path = SuccessMirrorTests;
			sourceTree = "<group>";
		};
		3AFB2DB41858B2FB00E2537F /* Supporting Files */ = {
			isa = PBXGroup;
			children = (
				3AFB2DB51858B2FB00E2537F /* SuccessMirrorTests-Info.plist */,
				3AFB2DB61858B2FB00E2537F /* InfoPlist.strings */,
			);
			name = "Supporting Files";
			sourceTree = "<group>";
		};
/* End PBXGroup section */

/* Begin PBXNativeTarget section */
		3AFB2D871858B2FB00E2537F /* SuccessMirror */ = {
			isa = PBXNativeTarget;
			buildConfigurationList = 3AFB2DBD1858B2FB00E2537F /* Build configuration list for PBXNativeTarget "SuccessMirror" */;
			buildPhases = (
				3AFB2D841858B2FB00E2537F /* Sources */,
				3AFB2D851858B2FB00E2537F /* Frameworks */,
				3AFB2D861858B2FB00E2537F /* Resources */,
			);
			buildRules = (
			);
			dependencies = (
			);
			name = SuccessMirror;
			productName = SuccessMirror;
			productReference = 3AFB2D881858B2FB00E2537F /* SuccessMirror.app */;
			productType = "com.apple.product-type.application";
		};
		3AFB2DAB1858B2FB00E2537F /* SuccessMirrorTests */ = {
			isa = PBXNativeTarget;
			buildConfigurationList = 3AFB2DC01858B2FB00E2537F /* Build configuration list for PBXNativeTarget "SuccessMirrorTests" */;
			buildPhases = (
				3AFB2DA81858B2FB00E2537F /* Sources */,
				3AFB2DA91858B2FB00E2537F /* Frameworks */,
				3AFB2DAA1858B2FB00E2537F /* Resources */,
			);
			buildRules = (
			);
			dependencies = (
				3AFB2DB21858B2FB00E2537F /* PBXTargetDependency */,
			);
			name = SuccessMirrorTests;
			productName = SuccessMirrorTests;
			productReference = 3AFB2DAC1858B2FB00E2537F /* SuccessMirrorTests.xctest */;
			productType = "com.apple.product-type.bundle.unit-test";
		};
/* End PBXNativeTarget section */

/* Begin PBXProject section */
		3AFB2D801858B2FB00E2537F /* Project object */ = {
			isa = PBXProject;
			attributes = {
				LastUpgradeCheck = 0500;
				ORGANIZATIONNAME = successmirror;
				TargetAttributes = {
					3AFB2DAB1858B2FB00E2537F = {
						TestTargetID = 3AFB2D871858B2FB00E2537F;
					};
				};
			};
			buildConfigurationList = 3AFB2D831858B2FB00E2537F /* Build configuration list for PBXProject "SuccessMirror" */;
			compatibilityVersion = "Xcode 3.2";
			developmentRegion = English;
			hasScannedForEncodings = 0;
			knownRegions = (
				en,
				Base,
			);
			mainGroup = 3AFB2D7F1858B2FB00E2537F;
			productRefGroup = 3AFB2D891858B2FB00E2537F /* Products */;
			projectDirPath = "";
			projectRoot = "";
			targets = (
				3AFB2D871858B2FB00E2537F /* SuccessMirror */,
				3AFB2DAB1858B2FB00E2537F /* SuccessMirrorTests */,
			);
		};
/* End PBXProject section */

/* Begin PBXResourcesBuildPhase section */
		3AFB2D861858B2FB00E2537F /* Resources */ = {
			isa = PBXResourcesBuildPhase;
			buildActionMask = 2147483647;
			files = (
				3AFB2DA21858B2FB00E2537F /* Main_iPad.storyboard in Resources */,
				3AFB2DA71858B2FB00E2537F /* Images.xcassets in Resources */,
				3AFB2D9F1858B2FB00E2537F /* Main_iPhone.storyboard in Resources */,
				3AFB2D961858B2FB00E2537F /* InfoPlist.strings in Resources */,
			);
			runOnlyForDeploymentPostprocessing = 0;
		};
		3AFB2DAA1858B2FB00E2537F /* Resources */ = {
			isa = PBXResourcesBuildPhase;
			buildActionMask = 2147483647;
			files = (
				3AFB2DB81858B2FB00E2537F /* InfoPlist.strings in Resources */,
			);
			runOnlyForDeploymentPostprocessing = 0;
		};
/* End PBXResourcesBuildPhase section */

/* Begin PBXSourcesBuildPhase section */
		3AFB2D841858B2FB00E2537F /* Sources */ = {
			isa = PBXSourcesBuildPhase;
			buildActionMask = 2147483647;
			files = (
				3AFB2DA51858B2FB00E2537F /* ViewController.m in Sources */,
				3AFB2D9C1858B2FB00E2537F /* AppDelegate.m in Sources */,
				3AFB2D981858B2FB00E2537F /* main.m in Sources */,
			);
			runOnlyForDeploymentPostprocessing = 0;
		};
		3AFB2DA81858B2FB00E2537F /* Sources */ = {
			isa = PBXSourcesBuildPhase;
			buildActionMask = 2147483647;
			files = (
				3AFB2DBA1858B2FB00E2537F /* SuccessMirrorTests.m in Sources */,
			);
			runOnlyForDeploymentPostprocessing = 0;
		};
/* End PBXSourcesBuildPhase section */

/* Begin PBXTargetDependency section */
		3AFB2DB21858B2FB00E2537F /* PBXTargetDependency */ = {
			isa = PBXTargetDependency;
			target = 3AFB2D871858B2FB00E2537F /* SuccessMirror */;
			targetProxy = 3AFB2DB11858B2FB00E2537F /* PBXContainerItemProxy */;
		};
/* End PBXTargetDependency section */

/* Begin PBXVariantGroup section */
		3AFB2D941858B2FB00E2537F /* InfoPlist.strings */ = {
			isa = PBXVariantGroup;
			children = (
				3AFB2D951858B2FB00E2537F /* en */,
			);
			name = InfoPlist.strings;
			sourceTree = "<group>";
		};
		3AFB2D9D1858B2FB00E2537F /* Main_iPhone.storyboard */ = {
			isa = PBXVariantGroup;
			children = (
				3AFB2D9E1858B2FB00E2537F /* Base */,
			);
			name = Main_iPhone.storyboard;
			sourceTree = "<group>";
		};
		3AFB2DA01858B2FB00E2537F /* Main_iPad.storyboard */ = {
			isa = PBXVariantGroup;
			children = (
				3AFB2DA11858B2FB00E2537F /* Base */,
			);
			name = Main_iPad.storyboard;
			sourceTree = "<group>";
		};
		3AFB2DB61858B2FB00E2537F /* InfoPlist.strings */ = {
			isa = PBXVariantGroup;
			children = (
				3AFB2DB71858B2FB00E2537F /* en */,
			);
			name = InfoPlist.strings;
			sourceTree = "<group>";
		};
/* End PBXVariantGroup section */

/* Begin XCBuildConfiguration section */
		3AFB2DBB1858B2FB00E2537F /* Debug */ = {
			isa = XCBuildConfiguration;
			buildSettings = {
				ALWAYS_SEARCH_USER_PATHS = NO;
				ARCHS = "$(ARCHS_STANDARD_INCLUDING_64_BIT)";
				CLANG_CXX_LANGUAGE_STANDARD = "gnu++0x";
				CLANG_CXX_LIBRARY = "libc++";
				CLANG_ENABLE_MODULES = YES;
				CLANG_ENABLE_OBJC_ARC = YES;
				CLANG_WARN_BOOL_CONVERSION = YES;
				CLANG_WARN_CONSTANT_CONVERSION = YES;
				CLANG_WARN_DIRECT_OBJC_ISA_USAGE = YES_ERROR;
				CLANG_WARN_EMPTY_BODY = YES;
				CLANG_WARN_ENUM_CONVERSION = YES;
				CLANG_WARN_INT_CONVERSION = YES;
				CLANG_WARN_OBJC_ROOT_CLASS = YES_ERROR;
				CLANG_WARN__DUPLICATE_METHOD_MATCH = YES;
				"CODE_SIGN_IDENTITY[sdk=iphoneos*]" = "iPhone Developer";
				COPY_PHASE_STRIP = NO;
				GCC_C_LANGUAGE_STANDARD = gnu99;
				GCC_DYNAMIC_NO_PIC = NO;
				GCC_OPTIMIZATION_LEVEL = 0;
				GCC_PREPROCESSOR_DEFINITIONS = (
					"DEBUG=1",
					"$(inherited)",
				);
				GCC_SYMBOLS_PRIVATE_EXTERN = NO;
				GCC_WARN_64_TO_32_BIT_CONVERSION = YES;
				GCC_WARN_ABOUT_RETURN_TYPE = YES_ERROR;
				GCC_WARN_UNDECLARED_SELECTOR = YES;
				GCC_WARN_UNINITIALIZED_AUTOS = YES;
				GCC_WARN_UNUSED_FUNCTION = YES;
				GCC_WARN_UNUSED_VARIABLE = YES;
				IPHONEOS_DEPLOYMENT_TARGET = 7.0;
				ONLY_ACTIVE_ARCH = YES;
				SDKROOT = iphoneos;
				TARGETED_DEVICE_FAMILY = "1,2";
			};
			name = Debug;
		};
		3AFB2DBC1858B2FB00E2537F /* Release */ = {
			isa = XCBuildConfiguration;
			buildSettings = {
				ALWAYS_SEARCH_USER_PATHS = NO;
				ARCHS = "$(ARCHS_STANDARD_INCLUDING_64_BIT)";
				CLANG_CXX_LANGUAGE_STANDARD = "gnu++0x";
				CLANG_CXX_LIBRARY = "libc++";
				CLANG_ENABLE_MODULES = YES;
				CLANG_ENABLE_OBJC_ARC = YES;
				CLANG_WARN_BOOL_CONVERSION = YES;
				CLANG_WARN_CONSTANT_CONVERSION = YES;
				CLANG_WARN_DIRECT_OBJC_ISA_USAGE = YES_ERROR;
				CLANG_WARN_EMPTY_BODY = YES;
				CLANG_WARN_ENUM_CONVERSION = YES;
				CLANG_WARN_INT_CONVERSION = YES;
				CLANG_WARN_OBJC_ROOT_CLASS = YES_ERROR;
				CLANG_WARN__DUPLICATE_METHOD_MATCH = YES;
				"CODE_SIGN_IDENTITY[sdk=iphoneos*]" = "iPhone Developer";
				COPY_PHASE_STRIP = YES;
				ENABLE_NS_ASSERTIONS = NO;
				GCC_C_LANGUAGE_STANDARD = gnu99;
				GCC_WARN_64_TO_32_BIT_CONVERSION = YES;
				GCC_WARN_ABOUT_RETURN_TYPE = YES_ERROR;
				GCC_WARN_UNDECLARED_SELECTOR = YES;
				GCC_WARN_UNINITIALIZED_AUTOS = YES;
				GCC_WARN_UNUSED_FUNCTION = YES;
				GCC_WARN_UNUSED_VARIABLE = YES;
				IPHONEOS_DEPLOYMENT_TARGET = 7.0;
				SDKROOT = iphoneos;
				TARGETED_DEVICE_FAMILY = "1,2";
				VALIDATE_PRODUCT = YES;
			};
			name = Release;
		};
		3AFB2DBE1858B2FB00E2537F /* Debug */ = {
			isa = XCBuildConfiguration;
			buildSettings = {
				ASSETCATALOG_COMPILER_APPICON_NAME = AppIcon;
				ASSETCATALOG_COMPILER_LAUNCHIMAGE_NAME = LaunchImage;
				GCC_PRECOMPILE_PREFIX_HEADER = YES;
				GCC_PREFIX_HEADER = "SuccessMirror/SuccessMirror-Prefix.pch";
				INFOPLIST_FILE = "SuccessMirror/SuccessMirror-Info.plist";
				PRODUCT_NAME = "$(TARGET_NAME)";
				WRAPPER_EXTENSION = app;
			};
			name = Debug;
		};
		3AFB2DBF1858B2FB00E2537F /* Release */ = {
			isa = XCBuildConfiguration;
			buildSettings = {
				ASSETCATALOG_COMPILER_APPICON_NAME = AppIcon;
				ASSETCATALOG_COMPILER_LAUNCHIMAGE_NAME = LaunchImage;
				GCC_PRECOMPILE_PREFIX_HEADER = YES;
				GCC_PREFIX_HEADER = "SuccessMirror/SuccessMirror-Prefix.pch";
				INFOPLIST_FILE = "SuccessMirror/SuccessMirror-Info.plist";
				PRODUCT_NAME = "$(TARGET_NAME)";
				WRAPPER_EXTENSION = app;
			};
			name = Release;
		};
		3AFB2DC11858B2FB00E2537F /* Debug */ = {
			isa = XCBuildConfiguration;
			buildSettings = {
				ARCHS = "$(ARCHS_STANDARD_INCLUDING_64_BIT)";
				BUNDLE_LOADER = "$(BUILT_PRODUCTS_DIR)/SuccessMirror.app/SuccessMirror";
				FRAMEWORK_SEARCH_PATHS = (
					"$(SDKROOT)/Developer/Library/Frameworks",
					"$(inherited)",
					"$(DEVELOPER_FRAMEWORKS_DIR)",
				);
				GCC_PRECOMPILE_PREFIX_HEADER = YES;
				GCC_PREFIX_HEADER = "SuccessMirror/SuccessMirror-Prefix.pch";
				GCC_PREPROCESSOR_DEFINITIONS = (
					"DEBUG=1",
					"$(inherited)",
				);
				INFOPLIST_FILE = "SuccessMirrorTests/SuccessMirrorTests-Info.plist";
				PRODUCT_NAME = "$(TARGET_NAME)";
				TEST_HOST = "$(BUNDLE_LOADER)";
				WRAPPER_EXTENSION = xctest;
			};
			name = Debug;
		};
		3AFB2DC21858B2FB00E2537F /* Release */ = {
			isa = XCBuildConfiguration;
			buildSettings = {
				ARCHS = "$(ARCHS_STANDARD_INCLUDING_64_BIT)";
				BUNDLE_LOADER = "$(BUILT_PRODUCTS_DIR)/SuccessMirror.app/SuccessMirror";
				FRAMEWORK_SEARCH_PATHS = (
					"$(SDKROOT)/Developer/Library/Frameworks",
					"$(inherited)",
					"$(DEVELOPER_FRAMEWORKS_DIR)",
				);
				GCC_PRECOMPILE_PREFIX_HEADER = YES;
				GCC_PREFIX_HEADER = "SuccessMirror/SuccessMirror-Prefix.pch";
				INFOPLIST_FILE = "SuccessMirrorTests/SuccessMirrorTests-Info.plist";
				PRODUCT_NAME = "$(TARGET_NAME)";
				TEST_HOST = "$(BUNDLE_LOADER)";
				WRAPPER_EXTENSION = xctest;
			};
			name = Release;
		};
/* End XCBuildConfiguration section */

/* Begin XCConfigurationList section */
		3AFB2D831858B2FB00E2537F /* Build configuration list for PBXProject "SuccessMirror" */ = {
			isa = XCConfigurationList;
			buildConfigurations = (
				3AFB2DBB1858B2FB00E2537F /* Debug */,
				3AFB2DBC1858B2FB00E2537F /* Release */,
			);
			defaultConfigurationIsVisible = 0;
			defaultConfigurationName = Release;
		};
		3AFB2DBD1858B2FB00E2537F /* Build configuration list for PBXNativeTarget "SuccessMirror" */ = {
			isa = XCConfigurationList;
			buildConfigurations = (
				3AFB2DBE1858B2FB00E2537F /* Debug */,
				3AFB2DBF1858B2FB00E2537F /* Release */,
			);
			defaultConfigurationIsVisible = 0;
		};
		3AFB2DC01858B2FB00E2537F /* Build configuration list for PBXNativeTarget "SuccessMirrorTests" */ = {
			isa = XCConfigurationList;
			buildConfigurations = (
				3AFB2DC11858B2FB00E2537F /* Debug */,
				3AFB2DC21858B2FB00E2537F /* Release */,
			);
			defaultConfigurationIsVisible = 0;
		};
/* End XCConfigurationList section */
	};
	rootObject = 3AFB2D801858B2FB00E2537F /* Project object */;
}
